
// !$*UTF8*$!
{
	archiveVersion = 1;
	classes = {
	};
	objectVersion = 56;
	objects = {

/* Begin PBXBuildFile section */
		9891F1B9291C562100443CE5 /* MainView.swift in Sources */ = {isa = PBXBuildFile; fileRef = 9891F1B8291C562100443CE5 /* MainView.swift */; };
		98F63B922919732D00DFCBB8 /* CryptoApp.swift in Sources */ = {isa = PBXBuildFile; fileRef = 98F63B912919732D00DFCBB8 /* CryptoApp.swift */; };
		98F63B942919732D00DFCBB8 /* ContentView.swift in Sources */ = {isa = PBXBuildFile; fileRef = 98F63B932919732D00DFCBB8 /* ContentView.swift */; };
		98F63B962919732F00DFCBB8 /* Assets.xcassets in Resources */ = {isa = PBXBuildFile; fileRef = 98F63B952919732F00DFCBB8 /* Assets.xcassets */; };
		98F63B992919732F00DFCBB8 /* Preview Assets.xcassets in Resources */ = {isa = PBXBuildFile; fileRef = 98F63B982919732F00DFCBB8 /* Preview Assets.xcassets */; };
		98F63BA32919733000DFCBB8 /* CryptoTests.swift in Sources */ = {isa = PBXBuildFile; fileRef = 98F63BA22919733000DFCBB8 /* CryptoTests.swift */; };
		98F63BAD2919733000DFCBB8 /* CryptoUITests.swift in Sources */ = {isa = PBXBuildFile; fileRef = 98F63BAC2919733000DFCBB8 /* CryptoUITests.swift */; };
		98F63BAF2919733000DFCBB8 /* CryptoUITestsLaunchTests.swift in Sources */ = {isa = PBXBuildFile; fileRef = 98F63BAE2919733000DFCBB8 /* CryptoUITestsLaunchTests.swift */; };
		98F63BC72919C98C00DFCBB8 /* Coins.swift in Sources */ = {isa = PBXBuildFile; fileRef = 98F63BC62919C98C00DFCBB8 /* Coins.swift */; };
		98F63BC9291A895800DFCBB8 /* DetailsView.swift in Sources */ = {isa = PBXBuildFile; fileRef = 98F63BC8291A895800DFCBB8 /* DetailsView.swift */; };
		98F63BCE291B181600DFCBB8 /* SettingView.swift in Sources */ = {isa = PBXBuildFile; fileRef = 98F63BCD291B181600DFCBB8 /* SettingView.swift */; };
/* End PBXBuildFile section */

/* Begin PBXContainerItemProxy section */
		98F63B9F2919733000DFCBB8 /* PBXContainerItemProxy */ = {
			isa = PBXContainerItemProxy;
			containerPortal = 98F63B862919732D00DFCBB8 /* Project object */;
			proxyType = 1;
			remoteGlobalIDString = 98F63B8D2919732D00DFCBB8;
			remoteInfo = Crypto;
		};
		98F63BA92919733000DFCBB8 /* PBXContainerItemProxy */ = {
			isa = PBXContainerItemProxy;
			containerPortal = 98F63B862919732D00DFCBB8 /* Project object */;
			proxyType = 1;
			remoteGlobalIDString = 98F63B8D2919732D00DFCBB8;
			remoteInfo = Crypto;
		};
/* End PBXContainerItemProxy section */

/* Begin PBXFileReference section */
		9891F1B8291C562100443CE5 /* MainView.swift */ = {isa = PBXFileReference; lastKnownFileType = sourcecode.swift; path = MainView.swift; sourceTree = "<group>"; };
		98F63B8E2919732D00DFCBB8 /* Crypto.app */ = {isa = PBXFileReference; explicitFileType = wrapper.application; includeInIndex = 0; path = Crypto.app; sourceTree = BUILT_PRODUCTS_DIR; };
		98F63B912919732D00DFCBB8 /* CryptoApp.swift */ = {isa = PBXFileReference; lastKnownFileType = sourcecode.swift; path = CryptoApp.swift; sourceTree = "<group>"; };
		98F63B932919732D00DFCBB8 /* ContentView.swift */ = {isa = PBXFileReference; lastKnownFileType = sourcecode.swift; path = ContentView.swift; sourceTree = "<group>"; };
		98F63B952919732F00DFCBB8 /* Assets.xcassets */ = {isa = PBXFileReference; lastKnownFileType = folder.assetcatalog; path = Assets.xcassets; sourceTree = "<group>"; };
		98F63B982919732F00DFCBB8 /* Preview Assets.xcassets */ = {isa = PBXFileReference; lastKnownFileType = folder.assetcatalog; path = "Preview Assets.xcassets"; sourceTree = "<group>"; };
		98F63B9E2919733000DFCBB8 /* CryptoTests.xctest */ = {isa = PBXFileReference; explicitFileType = wrapper.cfbundle; includeInIndex = 0; path = CryptoTests.xctest; sourceTree = BUILT_PRODUCTS_DIR; };
		98F63BA22919733000DFCBB8 /* CryptoTests.swift */ = {isa = PBXFileReference; lastKnownFileType = sourcecode.swift; path = CryptoTests.swift; sourceTree = "<group>"; };
		98F63BA82919733000DFCBB8 /* CryptoUITests.xctest */ = {isa = PBXFileReference; explicitFileType = wrapper.cfbundle; includeInIndex = 0; path = CryptoUITests.xctest; sourceTree = BUILT_PRODUCTS_DIR; };
		98F63BAC2919733000DFCBB8 /* CryptoUITests.swift */ = {isa = PBXFileReference; lastKnownFileType = sourcecode.swift; path = CryptoUITests.swift; sourceTree = "<group>"; };
		98F63BAE2919733000DFCBB8 /* CryptoUITestsLaunchTests.swift */ = {isa = PBXFileReference; lastKnownFileType = sourcecode.swift; path = CryptoUITestsLaunchTests.swift; sourceTree = "<group>"; };
		98F63BC62919C98C00DFCBB8 /* Coins.swift */ = {isa = PBXFileReference; lastKnownFileType = sourcecode.swift; path = Coins.swift; sourceTree = "<group>"; };
		98F63BC8291A895800DFCBB8 /* DetailsView.swift */ = {isa = PBXFileReference; lastKnownFileType = sourcecode.swift; path = DetailsView.swift; sourceTree = "<group>"; };
		98F63BCD291B181600DFCBB8 /* SettingView.swift */ = {isa = PBXFileReference; lastKnownFileType = sourcecode.swift; path = SettingView.swift; sourceTree = "<group>"; };
/* End PBXFileReference section */

/* Begin PBXFrameworksBuildPhase section */
		98F63B8B2919732D00DFCBB8 /* Frameworks */ = {
			isa = PBXFrameworksBuildPhase;
			buildActionMask = 2147483647;
			files = (
			);
			runOnlyForDeploymentPostprocessing = 0;
		};
		98F63B9B2919733000DFCBB8 /* Frameworks */ = {
			isa = PBXFrameworksBuildPhase;
			buildActionMask = 2147483647;
			files = (
			);
			runOnlyForDeploymentPostprocessing = 0;
		};
		98F63BA52919733000DFCBB8 /* Frameworks */ = {
			isa = PBXFrameworksBuildPhase;
			buildActionMask = 2147483647;
			files = (
			);
			runOnlyForDeploymentPostprocessing = 0;
		};
/* End PBXFrameworksBuildPhase section */

/* Begin PBXGroup section */
		98F63B852919732D00DFCBB8 = {
			isa = PBXGroup;
			children = (
				98F63B902919732D00DFCBB8 /* Crypto */,
				98F63BA12919733000DFCBB8 /* CryptoTests */,
				98F63BAB2919733000DFCBB8 /* CryptoUITests */,
				98F63B8F2919732D00DFCBB8 /* Products */,
			);
			sourceTree = "<group>";
		};
		98F63B8F2919732D00DFCBB8 /* Products */ = {
			isa = PBXGroup;
			children = (
				98F63B8E2919732D00DFCBB8 /* Crypto.app */,
				98F63B9E2919733000DFCBB8 /* CryptoTests.xctest */,
				98F63BA82919733000DFCBB8 /* CryptoUITests.xctest */,
			);
			name = Products;